
Microsoft Visual Studio Solution File, Format Version 12.00
# Visual Studio Version 17
VisualStudioVersion = 17.14.36603.0 d17.14
MinimumVisualStudioVersion = 10.0.40219.1
Project("{FAE04EC0-301F-11D3-BF4B-00C04F79EFBC}") = "RegistroOngApp", "RegistroOngApp\RegistroOngApp.csproj", "{5859AD69-0899-4AC8-9FAE-DC1BCC7839FA}"
EndProject
Global
	GlobalSection(SolutionConfigurationPlatforms) = preSolution
		Debug|Any CPU = Debug|Any CPU
		Release|Any CPU = Release|Any CPU
	EndGlobalSection
	GlobalSection(ProjectConfigurationPlatforms) = postSolution
		{5859AD69-0899-4AC8-9FAE-DC1BCC7839FA}.Debug|Any CPU.ActiveCfg = Debug|Any CPU
		{5859AD69-0899-4AC8-9FAE-DC1BCC7839FA}.Debug|Any CPU.Build.0 = Debug|Any CPU
		{5859AD69-0899-4AC8-9FAE-DC1BCC7839FA}.Release|Any CPU.ActiveCfg = Release|Any CPU
		{5859AD69-0899-4AC8-9FAE-DC1BCC7839FA}.Release|Any CPU.Build.0 = Release|Any CPU
	EndGlobalSection
	GlobalSection(SolutionProperties) = preSolution
		HideSolutionNode = FALSE
	EndGlobalSection
	GlobalSection(ExtensibilityGlobals) = postSolution
		SolutionGuid = {75A12C56-69DB-48DE-A38E-3A0D9F92DF63}
	EndGlobalSection
EndGlobal
